
Microsoft Visual Studio Solution File, Format Version 12.00
# Visual Studio 15
VisualStudioVersion = 15.0.27004.2006
MinimumVisualStudioVersion = 10.0.40219.1
Project("{9A19103F-16F7-4668-BE54-9A1E7A4F7556}") = "PHP", "PHP\PHP.csproj", "{DD1E3D75-8336-40A5-8A96-E3DBC5671BA6}"
EndProject
Project("{9A19103F-16F7-4668-BE54-9A1E7A4F7556}") = "PHP.Tests", "PHP.Tests\PHP.Tests.csproj", "{70F3AC9C-CF65-4B43-B21D-667A2DF42305}"
EndProject
Global
	GlobalSection(SolutionConfigurationPlatforms) = preSolution
		Debug|Any CPU = Debug|Any CPU
		Release|Any CPU = Release|Any CPU
	EndGlobalSection
	GlobalSection(ProjectConfigurationPlatforms) = postSolution
		{DD1E3D75-8336-40A5-8A96-E3DBC5671BA6}.Debug|Any CPU.ActiveCfg = Debug|Any CPU
		{DD1E3D75-8336-40A5-8A96-E3DBC5671BA6}.Debug|Any CPU.Build.0 = Debug|Any CPU
		{DD1E3D75-8336-40A5-8A96-E3DBC5671BA6}.Release|Any CPU.ActiveCfg = Release|Any CPU
		{DD1E3D75-8336-40A5-8A96-E3DBC5671BA6}.Release|Any CPU.Build.0 = Release|Any CPU
		{70F3AC9C-CF65-4B43-B21D-667A2DF42305}.Debug|Any CPU.ActiveCfg = Debug|Any CPU
		{70F3AC9C-CF65-4B43-B21D-667A2DF42305}.Debug|Any CPU.Build.0 = Debug|Any CPU
		{70F3AC9C-CF65-4B43-B21D-667A2DF42305}.Release|Any CPU.ActiveCfg = Release|Any CPU
		{70F3AC9C-CF65-4B43-B21D-667A2DF42305}.Release|Any CPU.Build.0 = Release|Any CPU
	EndGlobalSection
	GlobalSection(SolutionProperties) = preSolution
		HideSolutionNode = FALSE
	EndGlobalSection
	GlobalSection(ExtensibilityGlobals) = postSolution
		SolutionGuid = {F73C5F03-E78B-457B-92AF-896D1B0B6946}
	EndGlobalSection
EndGlobal
